
Microsoft Visual Studio Solution File, Format Version 12.00
# Visual Studio 15
VisualStudioVersion = 15.0.26206.0
MinimumVisualStudioVersion = 10.0.40219.1
Project("{2150E333-8FDC-42A3-9474-1A3956D46DE8}") = "Sketches", "Sketches", "{51B7D54C-5118-4A3C-ABFE-A54010EB056A}"
EndProject
Project("{FAE04EC0-301F-11D3-BF4B-00C04F79EFBC}") = "GreenHand.Client.Droid", "GreenHandClient\GreenHandClient.Droid\GreenHand.Client.Droid.csproj", "{656FE4EC-C0A4-4C96-9DB9-F2FDFB7A6C32}"
EndProject
Project("{FAE04EC0-301F-11D3-BF4B-00C04F79EFBC}") = "GreenHand.Client.iOS", "GreenHandClient\GreenHandClient.iOS\GreenHand.Client.iOS.csproj", "{B7D103E4-E615-425C-8C50-3D1A9D751FA2}"
EndProject
Project("{FAE04EC0-301F-11D3-BF4B-00C04F79EFBC}") = "GreenHand.Mobile", "GreenHandClient\GreenHandClient\GreenHand.Mobile.csproj", "{E8B623E0-0E87-4530-847B-46410892054F}"
EndProject
Project("{FAE04EC0-301F-11D3-BF4B-00C04F79EFBC}") = "GreenHand.Portable", "GreenHand.Portable\GreenHand.Portable.csproj", "{E85631B2-D4FE-4106-812C-381748465205}"
EndProject
Project("{2150E333-8FDC-42A3-9474-1A3956D46DE8}") = "Sensor", "Sensor", "{C6439744-7827-4762-BBB6-4E3F011EF208}"
	ProjectSection(SolutionItems) = preProject
		Sensor\AdaHumidity.zip = Sensor\AdaHumidity.zip
		Sensor\AdaTemp.zip = Sensor\AdaTemp.zip
		https example.txt = https example.txt
		..\..\..\..\OneDrive\Documents\Arduino\StandardFirmataWiFi_2\StandardFirmataWiFi_2.ino = ..\..\..\..\OneDrive\Documents\Arduino\StandardFirmataWiFi_2\StandardFirmataWiFi_2.ino
		..\..\..\..\OneDrive\Documents\Arduino\StandardFirmataWiFi_2\wifiConfig.h = ..\..\..\..\OneDrive\Documents\Arduino\StandardFirmataWiFi_2\wifiConfig.h
	EndProjectSection
EndProject
Project("{FAE04EC0-301F-11D3-BF4B-00C04F79EFBC}") = "GreenHand.Client.Windows", "GreenHand.Client.Windows\GreenHand.Client.Windows.csproj", "{3624E0AF-4A39-4B64-B3CD-3BAAB231275A}"
EndProject
Project("{FAE04EC0-301F-11D3-BF4B-00C04F79EFBC}") = "GreenHand.Server.Remote.Common", "GreenHand.Server.Remote.Common\GreenHand.Server.Remote.Common.csproj", "{E4557227-9869-4A6C-B1C2-D15E7C55A7E9}"
EndProject
Project("{FAE04EC0-301F-11D3-BF4B-00C04F79EFBC}") = "GreenHand.Tests", "GreenHand.Tests\GreenHand.Tests.csproj", "{D3B13C3B-C51C-4ECD-A662-63DE27248109}"
EndProject
Project("{FAE04EC0-301F-11D3-BF4B-00C04F79EFBC}") = "GreenHand.Client", "GreenHand.Client\GreenHand.Client.csproj", "{E89C5427-F265-45D0-B07C-7906D63CB825}"
EndProject
Project("{FAE04EC0-301F-11D3-BF4B-00C04F79EFBC}") = "GreenHand", "GreenHand\GreenHand.csproj", "{F67C4245-76D3-4F80-A9BD-A21D7A7ADEF2}"
EndProject
Project("{2150E333-8FDC-42A3-9474-1A3956D46DE8}") = "SensorCore", "SensorCore", "{67FAC635-3A9B-4781-8441-21E06CD82349}"
	ProjectSection(SolutionItems) = preProject
		Sensor\SensorCore\SensorCore.cpp = Sensor\SensorCore\SensorCore.cpp
		Sensor\SensorCore\SensorCore.h = Sensor\SensorCore\SensorCore.h
	EndProjectSection
EndProject
Project("{2150E333-8FDC-42A3-9474-1A3956D46DE8}") = "WifiTemp", "WifiTemp", "{0CB4D6CF-E188-46A8-9D46-6490F7FA48F5}"
	ProjectSection(SolutionItems) = preProject
		Sensor\WiFiTemperature\WiFiTemperature.ino = Sensor\WiFiTemperature\WiFiTemperature.ino
	EndProjectSection
EndProject
Project("{2150E333-8FDC-42A3-9474-1A3956D46DE8}") = "WifiHumidity", "WifiHumidity", "{7785EE9C-7E35-4197-ABAC-A2CA3690111B}"
	ProjectSection(SolutionItems) = preProject
		Sensor\WiFiHumidity\WiFiHumidity.ino = Sensor\WiFiHumidity\WiFiHumidity.ino
	EndProjectSection
EndProject
Global
	GlobalSection(SolutionConfigurationPlatforms) = preSolution
		Ad-Hoc|Any CPU = Ad-Hoc|Any CPU
		Ad-Hoc|ARM = Ad-Hoc|ARM
		Ad-Hoc|iPhone = Ad-Hoc|iPhone
		Ad-Hoc|iPhoneSimulator = Ad-Hoc|iPhoneSimulator
		Ad-Hoc|x64 = Ad-Hoc|x64
		Ad-Hoc|x86 = Ad-Hoc|x86
		AppStore|Any CPU = AppStore|Any CPU
		AppStore|ARM = AppStore|ARM
		AppStore|iPhone = AppStore|iPhone
		AppStore|iPhoneSimulator = AppStore|iPhoneSimulator
		AppStore|x64 = AppStore|x64
		AppStore|x86 = AppStore|x86
		Debug|Any CPU = Debug|Any CPU
		Debug|ARM = Debug|ARM
		Debug|iPhone = Debug|iPhone
		Debug|iPhoneSimulator = Debug|iPhoneSimulator
		Debug|x64 = Debug|x64
		Debug|x86 = Debug|x86
		Release|Any CPU = Release|Any CPU
		Release|ARM = Release|ARM
		Release|iPhone = Release|iPhone
		Release|iPhoneSimulator = Release|iPhoneSimulator
		Release|x64 = Release|x64
		Release|x86 = Release|x86
	EndGlobalSection
	GlobalSection(ProjectConfigurationPlatforms) = postSolution
		{656FE4EC-C0A4-4C96-9DB9-F2FDFB7A6C32}.Ad-Hoc|Any CPU.ActiveCfg = Release|Any CPU
		{656FE4EC-C0A4-4C96-9DB9-F2FDFB7A6C32}.Ad-Hoc|Any CPU.Build.0 = Release|Any CPU
		{656FE4EC-C0A4-4C96-9DB9-F2FDFB7A6C32}.Ad-Hoc|Any CPU.Deploy.0 = Release|Any CPU
		{656FE4EC-C0A4-4C96-9DB9-F2FDFB7A6C32}.Ad-Hoc|ARM.ActiveCfg = Release|Any CPU
		{656FE4EC-C0A4-4C96-9DB9-F2FDFB7A6C32}.Ad-Hoc|ARM.Build.0 = Release|Any CPU
		{656FE4EC-C0A4-4C96-9DB9-F2FDFB7A6C32}.Ad-Hoc|ARM.Deploy.0 = Release|Any CPU
		{656FE4EC-C0A4-4C96-9DB9-F2FDFB7A6C32}.Ad-Hoc|iPhone.ActiveCfg = Release|Any CPU
		{656FE4EC-C0A4-4C96-9DB9-F2FDFB7A6C32}.Ad-Hoc|iPhone.Build.0 = Release|Any CPU
		{656FE4EC-C0A4-4C96-9DB9-F2FDFB7A6C32}.Ad-Hoc|iPhone.Deploy.0 = Release|Any CPU
		{656FE4EC-C0A4-4C96-9DB9-F2FDFB7A6C32}.Ad-Hoc|iPhoneSimulator.ActiveCfg = Release|Any CPU
		{656FE4EC-C0A4-4C96-9DB9-F2FDFB7A6C32}.Ad-Hoc|iPhoneSimulator.Build.0 = Release|Any CPU
		{656FE4EC-C0A4-4C96-9DB9-F2FDFB7A6C32}.Ad-Hoc|iPhoneSimulator.Deploy.0 = Release|Any CPU
		{656FE4EC-C0A4-4C96-9DB9-F2FDFB7A6C32}.Ad-Hoc|x64.ActiveCfg = Release|Any CPU
		{656FE4EC-C0A4-4C96-9DB9-F2FDFB7A6C32}.Ad-Hoc|x64.Build.0 = Release|Any CPU
		{656FE4EC-C0A4-4C96-9DB9-F2FDFB7A6C32}.Ad-Hoc|x64.Deploy.0 = Release|Any CPU
		{656FE4EC-C0A4-4C96-9DB9-F2FDFB7A6C32}.Ad-Hoc|x86.ActiveCfg = Release|Any CPU
		{656FE4EC-C0A4-4C96-9DB9-F2FDFB7A6C32}.Ad-Hoc|x86.Build.0 = Release|Any CPU
		{656FE4EC-C0A4-4C96-9DB9-F2FDFB7A6C32}.Ad-Hoc|x86.Deploy.0 = Release|Any CPU
		{656FE4EC-C0A4-4C96-9DB9-F2FDFB7A6C32}.AppStore|Any CPU.ActiveCfg = Release|Any CPU
		{656FE4EC-C0A4-4C96-9DB9-F2FDFB7A6C32}.AppStore|Any CPU.Build.0 = Release|Any CPU
		{656FE4EC-C0A4-4C96-9DB9-F2FDFB7A6C32}.AppStore|Any CPU.Deploy.0 = Release|Any CPU
		{656FE4EC-C0A4-4C96-9DB9-F2FDFB7A6C32}.AppStore|ARM.ActiveCfg = Release|Any CPU
		{656FE4EC-C0A4-4C96-9DB9-F2FDFB7A6C32}.AppStore|ARM.Build.0 = Release|Any CPU
		{656FE4EC-C0A4-4C96-9DB9-F2FDFB7A6C32}.AppStore|ARM.Deploy.0 = Release|Any CPU
		{656FE4EC-C0A4-4C96-9DB9-F2FDFB7A6C32}.AppStore|iPhone.ActiveCfg = Release|Any CPU
		{656FE4EC-C0A4-4C96-9DB9-F2FDFB7A6C32}.AppStore|iPhone.Build.0 = Release|Any CPU
		{656FE4EC-C0A4-4C96-9DB9-F2FDFB7A6C32}.AppStore|iPhone.Deploy.0 = Release|Any CPU
		{656FE4EC-C0A4-4C96-9DB9-F2FDFB7A6C32}.AppStore|iPhoneSimulator.ActiveCfg = Release|Any CPU
		{656FE4EC-C0A4-4C96-9DB9-F2FDFB7A6C32}.AppStore|iPhoneSimulator.Build.0 = Release|Any CPU
		{656FE4EC-C0A4-4C96-9DB9-F2FDFB7A6C32}.AppStore|iPhoneSimulator.Deploy.0 = Release|Any CPU
		{656FE4EC-C0A4-4C96-9DB9-F2FDFB7A6C32}.AppStore|x64.ActiveCfg = Release|Any CPU
		{656FE4EC-C0A4-4C96-9DB9-F2FDFB7A6C32}.AppStore|x64.Build.0 = Release|Any CPU
		{656FE4EC-C0A4-4C96-9DB9-F2FDFB7A6C32}.AppStore|x64.Deploy.0 = Release|Any CPU
		{656FE4EC-C0A4-4C96-9DB9-F2FDFB7A6C32}.AppStore|x86.ActiveCfg = Release|Any CPU
		{656FE4EC-C0A4-4C96-9DB9-F2FDFB7A6C32}.AppStore|x86.Build.0 = Release|Any CPU
		{656FE4EC-C0A4-4C96-9DB9-F2FDFB7A6C32}.AppStore|x86.Deploy.0 = Release|Any CPU
		{656FE4EC-C0A4-4C96-9DB9-F2FDFB7A6C32}.Debug|Any CPU.ActiveCfg = Debug|Any CPU
		{656FE4EC-C0A4-4C96-9DB9-F2FDFB7A6C32}.Debug|Any CPU.Build.0 = Debug|Any CPU
		{656FE4EC-C0A4-4C96-9DB9-F2FDFB7A6C32}.Debug|Any CPU.Deploy.0 = Debug|Any CPU
		{656FE4EC-C0A4-4C96-9DB9-F2FDFB7A6C32}.Debug|ARM.ActiveCfg = Debug|Any CPU
		{656FE4EC-C0A4-4C96-9DB9-F2FDFB7A6C32}.Debug|ARM.Build.0 = Debug|Any CPU
		{656FE4EC-C0A4-4C96-9DB9-F2FDFB7A6C32}.Debug|ARM.Deploy.0 = Debug|Any CPU
		{656FE4EC-C0A4-4C96-9DB9-F2FDFB7A6C32}.Debug|iPhone.ActiveCfg = Debug|Any CPU
		{656FE4EC-C0A4-4C96-9DB9-F2FDFB7A6C32}.Debug|iPhone.Build.0 = Debug|Any CPU
		{656FE4EC-C0A4-4C96-9DB9-F2FDFB7A6C32}.Debug|iPhone.Deploy.0 = Debug|Any CPU
		{656FE4EC-C0A4-4C96-9DB9-F2FDFB7A6C32}.Debug|iPhoneSimulator.ActiveCfg = Debug|Any CPU
		{656FE4EC-C0A4-4C96-9DB9-F2FDFB7A6C32}.Debug|iPhoneSimulator.Build.0 = Debug|Any CPU
		{656FE4EC-C0A4-4C96-9DB9-F2FDFB7A6C32}.Debug|iPhoneSimulator.Deploy.0 = Debug|Any CPU
		{656FE4EC-C0A4-4C96-9DB9-F2FDFB7A6C32}.Debug|x64.ActiveCfg = Debug|Any CPU
		{656FE4EC-C0A4-4C96-9DB9-F2FDFB7A6C32}.Debug|x64.Build.0 = Debug|Any CPU
		{656FE4EC-C0A4-4C96-9DB9-F2FDFB7A6C32}.Debug|x64.Deploy.0 = Debug|Any CPU
		{656FE4EC-C0A4-4C96-9DB9-F2FDFB7A6C32}.Debug|x86.ActiveCfg = Debug|Any CPU
		{656FE4EC-C0A4-4C96-9DB9-F2FDFB7A6C32}.Debug|x86.Build.0 = Debug|Any CPU
		{656FE4EC-C0A4-4C96-9DB9-F2FDFB7A6C32}.Debug|x86.Deploy.0 = Debug|Any CPU
		{656FE4EC-C0A4-4C96-9DB9-F2FDFB7A6C32}.Release|Any CPU.ActiveCfg = Release|Any CPU
		{656FE4EC-C0A4-4C96-9DB9-F2FDFB7A6C32}.Release|Any CPU.Build.0 = Release|Any CPU
		{656FE4EC-C0A4-4C96-9DB9-F2FDFB7A6C32}.Release|Any CPU.Deploy.0 = Release|Any CPU
		{656FE4EC-C0A4-4C96-9DB9-F2FDFB7A6C32}.Release|ARM.ActiveCfg = Release|Any CPU
		{656FE4EC-C0A4-4C96-9DB9-F2FDFB7A6C32}.Release|ARM.Build.0 = Release|Any CPU
		{656FE4EC-C0A4-4C96-9DB9-F2FDFB7A6C32}.Release|ARM.Deploy.0 = Release|Any CPU
		{656FE4EC-C0A4-4C96-9DB9-F2FDFB7A6C32}.Release|iPhone.ActiveCfg = Release|Any CPU
		{656FE4EC-C0A4-4C96-9DB9-F2FDFB7A6C32}.Release|iPhone.Build.0 = Release|Any CPU
		{656FE4EC-C0A4-4C96-9DB9-F2FDFB7A6C32}.Release|iPhone.Deploy.0 = Release|Any CPU
		{656FE4EC-C0A4-4C96-9DB9-F2FDFB7A6C32}.Release|iPhoneSimulator.ActiveCfg = Release|Any CPU
		{656FE4EC-C0A4-4C96-9DB9-F2FDFB7A6C32}.Release|iPhoneSimulator.Build.0 = Release|Any CPU
		{656FE4EC-C0A4-4C96-9DB9-F2FDFB7A6C32}.Release|iPhoneSimulator.Deploy.0 = Release|Any CPU
		{656FE4EC-C0A4-4C96-9DB9-F2FDFB7A6C32}.Release|x64.ActiveCfg = Release|Any CPU
		{656FE4EC-C0A4-4C96-9DB9-F2FDFB7A6C32}.Release|x64.Build.0 = Release|Any CPU
		{656FE4EC-C0A4-4C96-9DB9-F2FDFB7A6C32}.Release|x64.Deploy.0 = Release|Any CPU
		{656FE4EC-C0A4-4C96-9DB9-F2FDFB7A6C32}.Release|x86.ActiveCfg = Release|Any CPU
		{656FE4EC-C0A4-4C96-9DB9-F2FDFB7A6C32}.Release|x86.Build.0 = Release|Any CPU
		{656FE4EC-C0A4-4C96-9DB9-F2FDFB7A6C32}.Release|x86.Deploy.0 = Release|Any CPU
		{B7D103E4-E615-425C-8C50-3D1A9D751FA2}.Ad-Hoc|Any CPU.ActiveCfg = Ad-Hoc|iPhone
		{B7D103E4-E615-425C-8C50-3D1A9D751FA2}.Ad-Hoc|ARM.ActiveCfg = Ad-Hoc|iPhone
		{B7D103E4-E615-425C-8C50-3D1A9D751FA2}.Ad-Hoc|iPhone.ActiveCfg = Ad-Hoc|iPhone
		{B7D103E4-E615-425C-8C50-3D1A9D751FA2}.Ad-Hoc|iPhone.Build.0 = Ad-Hoc|iPhone
		{B7D103E4-E615-425C-8C50-3D1A9D751FA2}.Ad-Hoc|iPhoneSimulator.ActiveCfg = Ad-Hoc|iPhoneSimulator
		{B7D103E4-E615-425C-8C50-3D1A9D751FA2}.Ad-Hoc|iPhoneSimulator.Build.0 = Ad-Hoc|iPhoneSimulator
		{B7D103E4-E615-425C-8C50-3D1A9D751FA2}.Ad-Hoc|x64.ActiveCfg = Ad-Hoc|iPhone
		{B7D103E4-E615-425C-8C50-3D1A9D751FA2}.Ad-Hoc|x86.ActiveCfg = Ad-Hoc|iPhone
		{B7D103E4-E615-425C-8C50-3D1A9D751FA2}.AppStore|Any CPU.ActiveCfg = AppStore|iPhone
		{B7D103E4-E615-425C-8C50-3D1A9D751FA2}.AppStore|ARM.ActiveCfg = AppStore|iPhone
		{B7D103E4-E615-425C-8C50-3D1A9D751FA2}.AppStore|iPhone.ActiveCfg = AppStore|iPhone
		{B7D103E4-E615-425C-8C50-3D1A9D751FA2}.AppStore|iPhone.Build.0 = AppStore|iPhone
		{B7D103E4-E615-425C-8C50-3D1A9D751FA2}.AppStore|iPhoneSimulator.ActiveCfg = AppStore|iPhoneSimulator
		{B7D103E4-E615-425C-8C50-3D1A9D751FA2}.AppStore|iPhoneSimulator.Build.0 = AppStore|iPhoneSimulator
		{B7D103E4-E615-425C-8C50-3D1A9D751FA2}.AppStore|x64.ActiveCfg = AppStore|iPhone
		{B7D103E4-E615-425C-8C50-3D1A9D751FA2}.AppStore|x86.ActiveCfg = AppStore|iPhone
		{B7D103E4-E615-425C-8C50-3D1A9D751FA2}.Debug|Any CPU.ActiveCfg = Debug|iPhone
		{B7D103E4-E615-425C-8C50-3D1A9D751FA2}.Debug|ARM.ActiveCfg = Debug|iPhone
		{B7D103E4-E615-425C-8C50-3D1A9D751FA2}.Debug|iPhone.ActiveCfg = Debug|iPhone
		{B7D103E4-E615-425C-8C50-3D1A9D751FA2}.Debug|iPhone.Build.0 = Debug|iPhone
		{B7D103E4-E615-425C-8C50-3D1A9D751FA2}.Debug|iPhoneSimulator.ActiveCfg = Debug|iPhoneSimulator
		{B7D103E4-E615-425C-8C50-3D1A9D751FA2}.Debug|iPhoneSimulator.Build.0 = Debug|iPhoneSimulator
		{B7D103E4-E615-425C-8C50-3D1A9D751FA2}.Debug|x64.ActiveCfg = Debug|iPhone
		{B7D103E4-E615-425C-8C50-3D1A9D751FA2}.Debug|x86.ActiveCfg = Debug|iPhone
		{B7D103E4-E615-425C-8C50-3D1A9D751FA2}.Release|Any CPU.ActiveCfg = Release|iPhone
		{B7D103E4-E615-425C-8C50-3D1A9D751FA2}.Release|ARM.ActiveCfg = Release|iPhone
		{B7D103E4-E615-425C-8C50-3D1A9D751FA2}.Release|iPhone.ActiveCfg = Release|iPhone
		{B7D103E4-E615-425C-8C50-3D1A9D751FA2}.Release|iPhone.Build.0 = Release|iPhone
		{B7D103E4-E615-425C-8C50-3D1A9D751FA2}.Release|iPhoneSimulator.ActiveCfg = Release|iPhoneSimulator
		{B7D103E4-E615-425C-8C50-3D1A9D751FA2}.Release|iPhoneSimulator.Build.0 = Release|iPhoneSimulator
		{B7D103E4-E615-425C-8C50-3D1A9D751FA2}.Release|x64.ActiveCfg = Release|iPhone
		{B7D103E4-E615-425C-8C50-3D1A9D751FA2}.Release|x86.ActiveCfg = Release|iPhone
		{E8B623E0-0E87-4530-847B-46410892054F}.Ad-Hoc|Any CPU.ActiveCfg = Release|Any CPU
		{E8B623E0-0E87-4530-847B-46410892054F}.Ad-Hoc|Any CPU.Build.0 = Release|Any CPU
		{E8B623E0-0E87-4530-847B-46410892054F}.Ad-Hoc|ARM.ActiveCfg = Release|Any CPU
		{E8B623E0-0E87-4530-847B-46410892054F}.Ad-Hoc|ARM.Build.0 = Release|Any CPU
		{E8B623E0-0E87-4530-847B-46410892054F}.Ad-Hoc|iPhone.ActiveCfg = Release|Any CPU
		{E8B623E0-0E87-4530-847B-46410892054F}.Ad-Hoc|iPhone.Build.0 = Release|Any CPU
		{E8B623E0-0E87-4530-847B-46410892054F}.Ad-Hoc|iPhoneSimulator.ActiveCfg = Release|Any CPU
		{E8B623E0-0E87-4530-847B-46410892054F}.Ad-Hoc|iPhoneSimulator.Build.0 = Release|Any CPU
		{E8B623E0-0E87-4530-847B-46410892054F}.Ad-Hoc|x64.ActiveCfg = Release|Any CPU
		{E8B623E0-0E87-4530-847B-46410892054F}.Ad-Hoc|x64.Build.0 = Release|Any CPU
		{E8B623E0-0E87-4530-847B-46410892054F}.Ad-Hoc|x86.ActiveCfg = Release|Any CPU
		{E8B623E0-0E87-4530-847B-46410892054F}.Ad-Hoc|x86.Build.0 = Release|Any CPU
		{E8B623E0-0E87-4530-847B-46410892054F}.AppStore|Any CPU.ActiveCfg = Release|Any CPU
		{E8B623E0-0E87-4530-847B-46410892054F}.AppStore|Any CPU.Build.0 = Release|Any CPU
		{E8B623E0-0E87-4530-847B-46410892054F}.AppStore|ARM.ActiveCfg = Release|Any CPU
		{E8B623E0-0E87-4530-847B-46410892054F}.AppStore|ARM.Build.0 = Release|Any CPU
		{E8B623E0-0E87-4530-847B-46410892054F}.AppStore|iPhone.ActiveCfg = Release|Any CPU
		{E8B623E0-0E87-4530-847B-46410892054F}.AppStore|iPhone.Build.0 = Release|Any CPU
		{E8B623E0-0E87-4530-847B-46410892054F}.AppStore|iPhoneSimulator.ActiveCfg = Release|Any CPU
		{E8B623E0-0E87-4530-847B-46410892054F}.AppStore|iPhoneSimulator.Build.0 = Release|Any CPU
		{E8B623E0-0E87-4530-847B-46410892054F}.AppStore|x64.ActiveCfg = Release|Any CPU
		{E8B623E0-0E87-4530-847B-46410892054F}.AppStore|x64.Build.0 = Release|Any CPU
		{E8B623E0-0E87-4530-847B-46410892054F}.AppStore|x86.ActiveCfg = Release|Any CPU
		{E8B623E0-0E87-4530-847B-46410892054F}.AppStore|x86.Build.0 = Release|Any CPU
		{E8B623E0-0E87-4530-847B-46410892054F}.Debug|Any CPU.ActiveCfg = Debug|Any CPU
		{E8B623E0-0E87-4530-847B-46410892054F}.Debug|Any CPU.Build.0 = Debug|Any CPU
		{E8B623E0-0E87-4530-847B-46410892054F}.Debug|ARM.ActiveCfg = Debug|Any CPU
		{E8B623E0-0E87-4530-847B-46410892054F}.Debug|ARM.Build.0 = Debug|Any CPU
		{E8B623E0-0E87-4530-847B-46410892054F}.Debug|iPhone.ActiveCfg = Debug|Any CPU
		{E8B623E0-0E87-4530-847B-46410892054F}.Debug|iPhone.Build.0 = Debug|Any CPU
		{E8B623E0-0E87-4530-847B-46410892054F}.Debug|iPhoneSimulator.ActiveCfg = Debug|Any CPU
		{E8B623E0-0E87-4530-847B-46410892054F}.Debug|iPhoneSimulator.Build.0 = Debug|Any CPU
		{E8B623E0-0E87-4530-847B-46410892054F}.Debug|x64.ActiveCfg = Debug|Any CPU
		{E8B623E0-0E87-4530-847B-46410892054F}.Debug|x64.Build.0 = Debug|Any CPU
		{E8B623E0-0E87-4530-847B-46410892054F}.Debug|x86.ActiveCfg = Debug|Any CPU
		{E8B623E0-0E87-4530-847B-46410892054F}.Debug|x86.Build.0 = Debug|Any CPU
		{E8B623E0-0E87-4530-847B-46410892054F}.Release|Any CPU.ActiveCfg = Release|Any CPU
		{E8B623E0-0E87-4530-847B-46410892054F}.Release|Any CPU.Build.0 = Release|Any CPU
		{E8B623E0-0E87-4530-847B-46410892054F}.Release|ARM.ActiveCfg = Release|Any CPU
		{E8B623E0-0E87-4530-847B-46410892054F}.Release|ARM.Build.0 = Release|Any CPU
		{E8B623E0-0E87-4530-847B-46410892054F}.Release|iPhone.ActiveCfg = Release|Any CPU
		{E8B623E0-0E87-4530-847B-46410892054F}.Release|iPhone.Build.0 = Release|Any CPU
		{E8B623E0-0E87-4530-847B-46410892054F}.Release|iPhoneSimulator.ActiveCfg = Release|Any CPU
		{E8B623E0-0E87-4530-847B-46410892054F}.Release|iPhoneSimulator.Build.0 = Release|Any CPU
		{E8B623E0-0E87-4530-847B-46410892054F}.Release|x64.ActiveCfg = Release|Any CPU
		{E8B623E0-0E87-4530-847B-46410892054F}.Release|x64.Build.0 = Release|Any CPU
		{E8B623E0-0E87-4530-847B-46410892054F}.Release|x86.ActiveCfg = Release|Any CPU
		{E8B623E0-0E87-4530-847B-46410892054F}.Release|x86.Build.0 = Release|Any CPU
		{E85631B2-D4FE-4106-812C-381748465205}.Ad-Hoc|Any CPU.ActiveCfg = Release|Any CPU
		{E85631B2-D4FE-4106-812C-381748465205}.Ad-Hoc|Any CPU.Build.0 = Release|Any CPU
		{E85631B2-D4FE-4106-812C-381748465205}.Ad-Hoc|ARM.ActiveCfg = Release|Any CPU
		{E85631B2-D4FE-4106-812C-381748465205}.Ad-Hoc|ARM.Build.0 = Release|Any CPU
		{E85631B2-D4FE-4106-812C-381748465205}.Ad-Hoc|iPhone.ActiveCfg = Release|Any CPU
		{E85631B2-D4FE-4106-812C-381748465205}.Ad-Hoc|iPhone.Build.0 = Release|Any CPU
		{E85631B2-D4FE-4106-812C-381748465205}.Ad-Hoc|iPhoneSimulator.ActiveCfg = Release|Any CPU
		{E85631B2-D4FE-4106-812C-381748465205}.Ad-Hoc|iPhoneSimulator.Build.0 = Release|Any CPU
		{E85631B2-D4FE-4106-812C-381748465205}.Ad-Hoc|x64.ActiveCfg = Release|Any CPU
		{E85631B2-D4FE-4106-812C-381748465205}.Ad-Hoc|x64.Build.0 = Release|Any CPU
		{E85631B2-D4FE-4106-812C-381748465205}.Ad-Hoc|x86.ActiveCfg = Release|Any CPU
		{E85631B2-D4FE-4106-812C-381748465205}.Ad-Hoc|x86.Build.0 = Release|Any CPU
		{E85631B2-D4FE-4106-812C-381748465205}.AppStore|Any CPU.ActiveCfg = Release|Any CPU
		{E85631B2-D4FE-4106-812C-381748465205}.AppStore|Any CPU.Build.0 = Release|Any CPU
		{E85631B2-D4FE-4106-812C-381748465205}.AppStore|ARM.ActiveCfg = Release|Any CPU
		{E85631B2-D4FE-4106-812C-381748465205}.AppStore|ARM.Build.0 = Release|Any CPU
		{E85631B2-D4FE-4106-812C-381748465205}.AppStore|iPhone.ActiveCfg = Release|Any CPU
		{E85631B2-D4FE-4106-812C-381748465205}.AppStore|iPhone.Build.0 = Release|Any CPU
		{E85631B2-D4FE-4106-812C-381748465205}.AppStore|iPhoneSimulator.ActiveCfg = Release|Any CPU
		{E85631B2-D4FE-4106-812C-381748465205}.AppStore|iPhoneSimulator.Build.0 = Release|Any CPU
		{E85631B2-D4FE-4106-812C-381748465205}.AppStore|x64.ActiveCfg = Release|Any CPU
		{E85631B2-D4FE-4106-812C-381748465205}.AppStore|x64.Build.0 = Release|Any CPU
		{E85631B2-D4FE-4106-812C-381748465205}.AppStore|x86.ActiveCfg = Release|Any CPU
		{E85631B2-D4FE-4106-812C-381748465205}.AppStore|x86.Build.0 = Release|Any CPU
		{E85631B2-D4FE-4106-812C-381748465205}.Debug|Any CPU.ActiveCfg = Debug|Any CPU
		{E85631B2-D4FE-4106-812C-381748465205}.Debug|Any CPU.Build.0 = Debug|Any CPU
		{E85631B2-D4FE-4106-812C-381748465205}.Debug|ARM.ActiveCfg = Debug|Any CPU
		{E85631B2-D4FE-4106-812C-381748465205}.Debug|ARM.Build.0 = Debug|Any CPU
		{E85631B2-D4FE-4106-812C-381748465205}.Debug|iPhone.ActiveCfg = Debug|Any CPU
		{E85631B2-D4FE-4106-812C-381748465205}.Debug|iPhone.Build.0 = Debug|Any CPU
		{E85631B2-D4FE-4106-812C-381748465205}.Debug|iPhoneSimulator.ActiveCfg = Debug|Any CPU
		{E85631B2-D4FE-4106-812C-381748465205}.Debug|iPhoneSimulator.Build.0 = Debug|Any CPU
		{E85631B2-D4FE-4106-812C-381748465205}.Debug|x64.ActiveCfg = Debug|Any CPU
		{E85631B2-D4FE-4106-812C-381748465205}.Debug|x64.Build.0 = Debug|Any CPU
		{E85631B2-D4FE-4106-812C-381748465205}.Debug|x86.ActiveCfg = Debug|Any CPU
		{E85631B2-D4FE-4106-812C-381748465205}.Debug|x86.Build.0 = Debug|Any CPU
		{E85631B2-D4FE-4106-812C-381748465205}.Release|Any CPU.ActiveCfg = Release|Any CPU
		{E85631B2-D4FE-4106-812C-381748465205}.Release|Any CPU.Build.0 = Release|Any CPU
		{E85631B2-D4FE-4106-812C-381748465205}.Release|ARM.ActiveCfg = Release|Any CPU
		{E85631B2-D4FE-4106-812C-381748465205}.Release|ARM.Build.0 = Release|Any CPU
		{E85631B2-D4FE-4106-812C-381748465205}.Release|iPhone.ActiveCfg = Release|Any CPU
		{E85631B2-D4FE-4106-812C-381748465205}.Release|iPhone.Build.0 = Release|Any CPU
		{E85631B2-D4FE-4106-812C-381748465205}.Release|iPhoneSimulator.ActiveCfg = Release|Any CPU
		{E85631B2-D4FE-4106-812C-381748465205}.Release|iPhoneSimulator.Build.0 = Release|Any CPU
		{E85631B2-D4FE-4106-812C-381748465205}.Release|x64.ActiveCfg = Release|Any CPU
		{E85631B2-D4FE-4106-812C-381748465205}.Release|x64.Build.0 = Release|Any CPU
		{E85631B2-D4FE-4106-812C-381748465205}.Release|x86.ActiveCfg = Release|Any CPU
		{E85631B2-D4FE-4106-812C-381748465205}.Release|x86.Build.0 = Release|Any CPU
		{3624E0AF-4A39-4B64-B3CD-3BAAB231275A}.Ad-Hoc|Any CPU.ActiveCfg = Release|Any CPU
		{3624E0AF-4A39-4B64-B3CD-3BAAB231275A}.Ad-Hoc|Any CPU.Build.0 = Release|Any CPU
		{3624E0AF-4A39-4B64-B3CD-3BAAB231275A}.Ad-Hoc|ARM.ActiveCfg = Release|Any CPU
		{3624E0AF-4A39-4B64-B3CD-3BAAB231275A}.Ad-Hoc|ARM.Build.0 = Release|Any CPU
		{3624E0AF-4A39-4B64-B3CD-3BAAB231275A}.Ad-Hoc|iPhone.ActiveCfg = Release|Any CPU
		{3624E0AF-4A39-4B64-B3CD-3BAAB231275A}.Ad-Hoc|iPhone.Build.0 = Release|Any CPU
		{3624E0AF-4A39-4B64-B3CD-3BAAB231275A}.Ad-Hoc|iPhoneSimulator.ActiveCfg = Release|Any CPU
		{3624E0AF-4A39-4B64-B3CD-3BAAB231275A}.Ad-Hoc|iPhoneSimulator.Build.0 = Release|Any CPU
		{3624E0AF-4A39-4B64-B3CD-3BAAB231275A}.Ad-Hoc|x64.ActiveCfg = Release|Any CPU
		{3624E0AF-4A39-4B64-B3CD-3BAAB231275A}.Ad-Hoc|x64.Build.0 = Release|Any CPU
		{3624E0AF-4A39-4B64-B3CD-3BAAB231275A}.Ad-Hoc|x86.ActiveCfg = Release|Any CPU
		{3624E0AF-4A39-4B64-B3CD-3BAAB231275A}.Ad-Hoc|x86.Build.0 = Release|Any CPU
		{3624E0AF-4A39-4B64-B3CD-3BAAB231275A}.AppStore|Any CPU.ActiveCfg = Release|Any CPU
		{3624E0AF-4A39-4B64-B3CD-3BAAB231275A}.AppStore|Any CPU.Build.0 = Release|Any CPU
		{3624E0AF-4A39-4B64-B3CD-3BAAB231275A}.AppStore|ARM.ActiveCfg = Release|Any CPU
		{3624E0AF-4A39-4B64-B3CD-3BAAB231275A}.AppStore|ARM.Build.0 = Release|Any CPU
		{3624E0AF-4A39-4B64-B3CD-3BAAB231275A}.AppStore|iPhone.ActiveCfg = Release|Any CPU
		{3624E0AF-4A39-4B64-B3CD-3BAAB231275A}.AppStore|iPhone.Build.0 = Release|Any CPU
		{3624E0AF-4A39-4B64-B3CD-3BAAB231275A}.AppStore|iPhoneSimulator.ActiveCfg = Release|Any CPU
		{3624E0AF-4A39-4B64-B3CD-3BAAB231275A}.AppStore|iPhoneSimulator.Build.0 = Release|Any CPU
		{3624E0AF-4A39-4B64-B3CD-3BAAB231275A}.AppStore|x64.ActiveCfg = Release|Any CPU
		{3624E0AF-4A39-4B64-B3CD-3BAAB231275A}.AppStore|x64.Build.0 = Release|Any CPU
		{3624E0AF-4A39-4B64-B3CD-3BAAB231275A}.AppStore|x86.ActiveCfg = Release|Any CPU
		{3624E0AF-4A39-4B64-B3CD-3BAAB231275A}.AppStore|x86.Build.0 = Release|Any CPU
		{3624E0AF-4A39-4B64-B3CD-3BAAB231275A}.Debug|Any CPU.ActiveCfg = Debug|Any CPU
		{3624E0AF-4A39-4B64-B3CD-3BAAB231275A}.Debug|Any CPU.Build.0 = Debug|Any CPU
		{3624E0AF-4A39-4B64-B3CD-3BAAB231275A}.Debug|ARM.ActiveCfg = Debug|Any CPU
		{3624E0AF-4A39-4B64-B3CD-3BAAB231275A}.Debug|ARM.Build.0 = Debug|Any CPU
		{3624E0AF-4A39-4B64-B3CD-3BAAB231275A}.Debug|iPhone.ActiveCfg = Debug|Any CPU
		{3624E0AF-4A39-4B64-B3CD-3BAAB231275A}.Debug|iPhone.Build.0 = Debug|Any CPU
		{3624E0AF-4A39-4B64-B3CD-3BAAB231275A}.Debug|iPhoneSimulator.ActiveCfg = Debug|Any CPU
		{3624E0AF-4A39-4B64-B3CD-3BAAB231275A}.Debug|iPhoneSimulator.Build.0 = Debug|Any CPU
		{3624E0AF-4A39-4B64-B3CD-3BAAB231275A}.Debug|x64.ActiveCfg = Debug|Any CPU
		{3624E0AF-4A39-4B64-B3CD-3BAAB231275A}.Debug|x64.Build.0 = Debug|Any CPU
		{3624E0AF-4A39-4B64-B3CD-3BAAB231275A}.Debug|x86.ActiveCfg = Debug|Any CPU
		{3624E0AF-4A39-4B64-B3CD-3BAAB231275A}.Debug|x86.Build.0 = Debug|Any CPU
		{3624E0AF-4A39-4B64-B3CD-3BAAB231275A}.Release|Any CPU.ActiveCfg = Release|Any CPU
		{3624E0AF-4A39-4B64-B3CD-3BAAB231275A}.Release|Any CPU.Build.0 = Release|Any CPU
		{3624E0AF-4A39-4B64-B3CD-3BAAB231275A}.Release|ARM.ActiveCfg = Release|Any CPU
		{3624E0AF-4A39-4B64-B3CD-3BAAB231275A}.Release|ARM.Build.0 = Release|Any CPU
		{3624E0AF-4A39-4B64-B3CD-3BAAB231275A}.Release|iPhone.ActiveCfg = Release|Any CPU
		{3624E0AF-4A39-4B64-B3CD-3BAAB231275A}.Release|iPhone.Build.0 = Release|Any CPU
		{3624E0AF-4A39-4B64-B3CD-3BAAB231275A}.Release|iPhoneSimulator.ActiveCfg = Release|Any CPU
		{3624E0AF-4A39-4B64-B3CD-3BAAB231275A}.Release|iPhoneSimulator.Build.0 = Release|Any CPU
		{3624E0AF-4A39-4B64-B3CD-3BAAB231275A}.Release|x64.ActiveCfg = Release|Any CPU
		{3624E0AF-4A39-4B64-B3CD-3BAAB231275A}.Release|x64.Build.0 = Release|Any CPU
		{3624E0AF-4A39-4B64-B3CD-3BAAB231275A}.Release|x86.ActiveCfg = Release|Any CPU
		{3624E0AF-4A39-4B64-B3CD-3BAAB231275A}.Release|x86.Build.0 = Release|Any CPU
		{E4557227-9869-4A6C-B1C2-D15E7C55A7E9}.Ad-Hoc|Any CPU.ActiveCfg = Release|Any CPU
		{E4557227-9869-4A6C-B1C2-D15E7C55A7E9}.Ad-Hoc|Any CPU.Build.0 = Release|Any CPU
		{E4557227-9869-4A6C-B1C2-D15E7C55A7E9}.Ad-Hoc|ARM.ActiveCfg = Release|Any CPU
		{E4557227-9869-4A6C-B1C2-D15E7C55A7E9}.Ad-Hoc|ARM.Build.0 = Release|Any CPU
		{E4557227-9869-4A6C-B1C2-D15E7C55A7E9}.Ad-Hoc|iPhone.ActiveCfg = Release|Any CPU
		{E4557227-9869-4A6C-B1C2-D15E7C55A7E9}.Ad-Hoc|iPhone.Build.0 = Release|Any CPU
		{E4557227-9869-4A6C-B1C2-D15E7C55A7E9}.Ad-Hoc|iPhoneSimulator.ActiveCfg = Release|Any CPU
		{E4557227-9869-4A6C-B1C2-D15E7C55A7E9}.Ad-Hoc|iPhoneSimulator.Build.0 = Release|Any CPU
		{E4557227-9869-4A6C-B1C2-D15E7C55A7E9}.Ad-Hoc|x64.ActiveCfg = Release|Any CPU
		{E4557227-9869-4A6C-B1C2-D15E7C55A7E9}.Ad-Hoc|x64.Build.0 = Release|Any CPU
		{E4557227-9869-4A6C-B1C2-D15E7C55A7E9}.Ad-Hoc|x86.ActiveCfg = Release|Any CPU
		{E4557227-9869-4A6C-B1C2-D15E7C55A7E9}.Ad-Hoc|x86.Build.0 = Release|Any CPU
		{E4557227-9869-4A6C-B1C2-D15E7C55A7E9}.AppStore|Any CPU.ActiveCfg = Release|Any CPU
		{E4557227-9869-4A6C-B1C2-D15E7C55A7E9}.AppStore|Any CPU.Build.0 = Release|Any CPU
		{E4557227-9869-4A6C-B1C2-D15E7C55A7E9}.AppStore|ARM.ActiveCfg = Release|Any CPU
		{E4557227-9869-4A6C-B1C2-D15E7C55A7E9}.AppStore|ARM.Build.0 = Release|Any CPU
		{E4557227-9869-4A6C-B1C2-D15E7C55A7E9}.AppStore|iPhone.ActiveCfg = Release|Any CPU
		{E4557227-9869-4A6C-B1C2-D15E7C55A7E9}.AppStore|iPhone.Build.0 = Release|Any CPU
		{E4557227-9869-4A6C-B1C2-D15E7C55A7E9}.AppStore|iPhoneSimulator.ActiveCfg = Release|Any CPU
		{E4557227-9869-4A6C-B1C2-D15E7C55A7E9}.AppStore|iPhoneSimulator.Build.0 = Release|Any CPU
		{E4557227-9869-4A6C-B1C2-D15E7C55A7E9}.AppStore|x64.ActiveCfg = Release|Any CPU
		{E4557227-9869-4A6C-B1C2-D15E7C55A7E9}.AppStore|x64.Build.0 = Release|Any CPU
		{E4557227-9869-4A6C-B1C2-D15E7C55A7E9}.AppStore|x86.ActiveCfg = Release|Any CPU
		{E4557227-9869-4A6C-B1C2-D15E7C55A7E9}.AppStore|x86.Build.0 = Release|Any CPU
		{E4557227-9869-4A6C-B1C2-D15E7C55A7E9}.Debug|Any CPU.ActiveCfg = Debug|Any CPU
		{E4557227-9869-4A6C-B1C2-D15E7C55A7E9}.Debug|Any CPU.Build.0 = Debug|Any CPU
		{E4557227-9869-4A6C-B1C2-D15E7C55A7E9}.Debug|ARM.ActiveCfg = Debug|Any CPU
		{E4557227-9869-4A6C-B1C2-D15E7C55A7E9}.Debug|ARM.Build.0 = Debug|Any CPU
		{E4557227-9869-4A6C-B1C2-D15E7C55A7E9}.Debug|iPhone.ActiveCfg = Debug|Any CPU
		{E4557227-9869-4A6C-B1C2-D15E7C55A7E9}.Debug|iPhone.Build.0 = Debug|Any CPU
		{E4557227-9869-4A6C-B1C2-D15E7C55A7E9}.Debug|iPhoneSimulator.ActiveCfg = Debug|Any CPU
		{E4557227-9869-4A6C-B1C2-D15E7C55A7E9}.Debug|iPhoneSimulator.Build.0 = Debug|Any CPU
		{E4557227-9869-4A6C-B1C2-D15E7C55A7E9}.Debug|x64.ActiveCfg = Debug|Any CPU
		{E4557227-9869-4A6C-B1C2-D15E7C55A7E9}.Debug|x64.Build.0 = Debug|Any CPU
		{E4557227-9869-4A6C-B1C2-D15E7C55A7E9}.Debug|x86.ActiveCfg = Debug|Any CPU
		{E4557227-9869-4A6C-B1C2-D15E7C55A7E9}.Debug|x86.Build.0 = Debug|Any CPU
		{E4557227-9869-4A6C-B1C2-D15E7C55A7E9}.Release|Any CPU.ActiveCfg = Release|Any CPU
		{E4557227-9869-4A6C-B1C2-D15E7C55A7E9}.Release|Any CPU.Build.0 = Release|Any CPU
		{E4557227-9869-4A6C-B1C2-D15E7C55A7E9}.Release|ARM.ActiveCfg = Release|Any CPU
		{E4557227-9869-4A6C-B1C2-D15E7C55A7E9}.Release|ARM.Build.0 = Release|Any CPU
		{E4557227-9869-4A6C-B1C2-D15E7C55A7E9}.Release|iPhone.ActiveCfg = Release|Any CPU
		{E4557227-9869-4A6C-B1C2-D15E7C55A7E9}.Release|iPhone.Build.0 = Release|Any CPU
		{E4557227-9869-4A6C-B1C2-D15E7C55A7E9}.Release|iPhoneSimulator.ActiveCfg = Release|Any CPU
		{E4557227-9869-4A6C-B1C2-D15E7C55A7E9}.Release|iPhoneSimulator.Build.0 = Release|Any CPU
		{E4557227-9869-4A6C-B1C2-D15E7C55A7E9}.Release|x64.ActiveCfg = Release|Any CPU
		{E4557227-9869-4A6C-B1C2-D15E7C55A7E9}.Release|x64.Build.0 = Release|Any CPU
		{E4557227-9869-4A6C-B1C2-D15E7C55A7E9}.Release|x86.ActiveCfg = Release|Any CPU
		{E4557227-9869-4A6C-B1C2-D15E7C55A7E9}.Release|x86.Build.0 = Release|Any CPU
		{D3B13C3B-C51C-4ECD-A662-63DE27248109}.Ad-Hoc|Any CPU.ActiveCfg = Release|Any CPU
		{D3B13C3B-C51C-4ECD-A662-63DE27248109}.Ad-Hoc|Any CPU.Build.0 = Release|Any CPU
		{D3B13C3B-C51C-4ECD-A662-63DE27248109}.Ad-Hoc|ARM.ActiveCfg = Release|Any CPU
		{D3B13C3B-C51C-4ECD-A662-63DE27248109}.Ad-Hoc|ARM.Build.0 = Release|Any CPU
		{D3B13C3B-C51C-4ECD-A662-63DE27248109}.Ad-Hoc|iPhone.ActiveCfg = Release|Any CPU
		{D3B13C3B-C51C-4ECD-A662-63DE27248109}.Ad-Hoc|iPhone.Build.0 = Release|Any CPU
		{D3B13C3B-C51C-4ECD-A662-63DE27248109}.Ad-Hoc|iPhoneSimulator.ActiveCfg = Release|Any CPU
		{D3B13C3B-C51C-4ECD-A662-63DE27248109}.Ad-Hoc|iPhoneSimulator.Build.0 = Release|Any CPU
		{D3B13C3B-C51C-4ECD-A662-63DE27248109}.Ad-Hoc|x64.ActiveCfg = Release|Any CPU
		{D3B13C3B-C51C-4ECD-A662-63DE27248109}.Ad-Hoc|x64.Build.0 = Release|Any CPU
		{D3B13C3B-C51C-4ECD-A662-63DE27248109}.Ad-Hoc|x86.ActiveCfg = Release|Any CPU
		{D3B13C3B-C51C-4ECD-A662-63DE27248109}.Ad-Hoc|x86.Build.0 = Release|Any CPU
		{D3B13C3B-C51C-4ECD-A662-63DE27248109}.AppStore|Any CPU.ActiveCfg = Release|Any CPU
		{D3B13C3B-C51C-4ECD-A662-63DE27248109}.AppStore|Any CPU.Build.0 = Release|Any CPU
		{D3B13C3B-C51C-4ECD-A662-63DE27248109}.AppStore|ARM.ActiveCfg = Release|Any CPU
		{D3B13C3B-C51C-4ECD-A662-63DE27248109}.AppStore|ARM.Build.0 = Release|Any CPU
		{D3B13C3B-C51C-4ECD-A662-63DE27248109}.AppStore|iPhone.ActiveCfg = Release|Any CPU
		{D3B13C3B-C51C-4ECD-A662-63DE27248109}.AppStore|iPhone.Build.0 = Release|Any CPU
		{D3B13C3B-C51C-4ECD-A662-63DE27248109}.AppStore|iPhoneSimulator.ActiveCfg = Release|Any CPU
		{D3B13C3B-C51C-4ECD-A662-63DE27248109}.AppStore|iPhoneSimulator.Build.0 = Release|Any CPU
		{D3B13C3B-C51C-4ECD-A662-63DE27248109}.AppStore|x64.ActiveCfg = Release|Any CPU
		{D3B13C3B-C51C-4ECD-A662-63DE27248109}.AppStore|x64.Build.0 = Release|Any CPU
		{D3B13C3B-C51C-4ECD-A662-63DE27248109}.AppStore|x86.ActiveCfg = Release|Any CPU
		{D3B13C3B-C51C-4ECD-A662-63DE27248109}.AppStore|x86.Build.0 = Release|Any CPU
		{D3B13C3B-C51C-4ECD-A662-63DE27248109}.Debug|Any CPU.ActiveCfg = Debug|Any CPU
		{D3B13C3B-C51C-4ECD-A662-63DE27248109}.Debug|Any CPU.Build.0 = Debug|Any CPU
		{D3B13C3B-C51C-4ECD-A662-63DE27248109}.Debug|ARM.ActiveCfg = Debug|Any CPU
		{D3B13C3B-C51C-4ECD-A662-63DE27248109}.Debug|ARM.Build.0 = Debug|Any CPU
		{D3B13C3B-C51C-4ECD-A662-63DE27248109}.Debug|iPhone.ActiveCfg = Debug|Any CPU
		{D3B13C3B-C51C-4ECD-A662-63DE27248109}.Debug|iPhone.Build.0 = Debug|Any CPU
		{D3B13C3B-C51C-4ECD-A662-63DE27248109}.Debug|iPhoneSimulator.ActiveCfg = Debug|Any CPU
		{D3B13C3B-C51C-4ECD-A662-63DE27248109}.Debug|iPhoneSimulator.Build.0 = Debug|Any CPU
		{D3B13C3B-C51C-4ECD-A662-63DE27248109}.Debug|x64.ActiveCfg = Debug|Any CPU
		{D3B13C3B-C51C-4ECD-A662-63DE27248109}.Debug|x64.Build.0 = Debug|Any CPU
		{D3B13C3B-C51C-4ECD-A662-63DE27248109}.Debug|x86.ActiveCfg = Debug|Any CPU
		{D3B13C3B-C51C-4ECD-A662-63DE27248109}.Debug|x86.Build.0 = Debug|Any CPU
		{D3B13C3B-C51C-4ECD-A662-63DE27248109}.Release|Any CPU.ActiveCfg = Release|Any CPU
		{D3B13C3B-C51C-4ECD-A662-63DE27248109}.Release|Any CPU.Build.0 = Release|Any CPU
		{D3B13C3B-C51C-4ECD-A662-63DE27248109}.Release|ARM.ActiveCfg = Release|Any CPU
		{D3B13C3B-C51C-4ECD-A662-63DE27248109}.Release|ARM.Build.0 = Release|Any CPU
		{D3B13C3B-C51C-4ECD-A662-63DE27248109}.Release|iPhone.ActiveCfg = Release|Any CPU
		{D3B13C3B-C51C-4ECD-A662-63DE27248109}.Release|iPhone.Build.0 = Release|Any CPU
		{D3B13C3B-C51C-4ECD-A662-63DE27248109}.Release|iPhoneSimulator.ActiveCfg = Release|Any CPU
		{D3B13C3B-C51C-4ECD-A662-63DE27248109}.Release|iPhoneSimulator.Build.0 = Release|Any CPU
		{D3B13C3B-C51C-4ECD-A662-63DE27248109}.Release|x64.ActiveCfg = Release|Any CPU
		{D3B13C3B-C51C-4ECD-A662-63DE27248109}.Release|x64.Build.0 = Release|Any CPU
		{D3B13C3B-C51C-4ECD-A662-63DE27248109}.Release|x86.ActiveCfg = Release|Any CPU
		{D3B13C3B-C51C-4ECD-A662-63DE27248109}.Release|x86.Build.0 = Release|Any CPU
		{E89C5427-F265-45D0-B07C-7906D63CB825}.Ad-Hoc|Any CPU.ActiveCfg = Release|Any CPU
		{E89C5427-F265-45D0-B07C-7906D63CB825}.Ad-Hoc|Any CPU.Build.0 = Release|Any CPU
		{E89C5427-F265-45D0-B07C-7906D63CB825}.Ad-Hoc|ARM.ActiveCfg = Release|Any CPU
		{E89C5427-F265-45D0-B07C-7906D63CB825}.Ad-Hoc|ARM.Build.0 = Release|Any CPU
		{E89C5427-F265-45D0-B07C-7906D63CB825}.Ad-Hoc|iPhone.ActiveCfg = Release|Any CPU
		{E89C5427-F265-45D0-B07C-7906D63CB825}.Ad-Hoc|iPhone.Build.0 = Release|Any CPU
		{E89C5427-F265-45D0-B07C-7906D63CB825}.Ad-Hoc|iPhoneSimulator.ActiveCfg = Release|Any CPU
		{E89C5427-F265-45D0-B07C-7906D63CB825}.Ad-Hoc|iPhoneSimulator.Build.0 = Release|Any CPU
		{E89C5427-F265-45D0-B07C-7906D63CB825}.Ad-Hoc|x64.ActiveCfg = Release|Any CPU
		{E89C5427-F265-45D0-B07C-7906D63CB825}.Ad-Hoc|x64.Build.0 = Release|Any CPU
		{E89C5427-F265-45D0-B07C-7906D63CB825}.Ad-Hoc|x86.ActiveCfg = Release|Any CPU
		{E89C5427-F265-45D0-B07C-7906D63CB825}.Ad-Hoc|x86.Build.0 = Release|Any CPU
		{E89C5427-F265-45D0-B07C-7906D63CB825}.AppStore|Any CPU.ActiveCfg = Release|Any CPU
		{E89C5427-F265-45D0-B07C-7906D63CB825}.AppStore|Any CPU.Build.0 = Release|Any CPU
		{E89C5427-F265-45D0-B07C-7906D63CB825}.AppStore|ARM.ActiveCfg = Release|Any CPU
		{E89C5427-F265-45D0-B07C-7906D63CB825}.AppStore|ARM.Build.0 = Release|Any CPU
		{E89C5427-F265-45D0-B07C-7906D63CB825}.AppStore|iPhone.ActiveCfg = Release|Any CPU
		{E89C5427-F265-45D0-B07C-7906D63CB825}.AppStore|iPhone.Build.0 = Release|Any CPU
		{E89C5427-F265-45D0-B07C-7906D63CB825}.AppStore|iPhoneSimulator.ActiveCfg = Release|Any CPU
		{E89C5427-F265-45D0-B07C-7906D63CB825}.AppStore|iPhoneSimulator.Build.0 = Release|Any CPU
		{E89C5427-F265-45D0-B07C-7906D63CB825}.AppStore|x64.ActiveCfg = Release|Any CPU
		{E89C5427-F265-45D0-B07C-7906D63CB825}.AppStore|x64.Build.0 = Release|Any CPU
		{E89C5427-F265-45D0-B07C-7906D63CB825}.AppStore|x86.ActiveCfg = Release|Any CPU
		{E89C5427-F265-45D0-B07C-7906D63CB825}.AppStore|x86.Build.0 = Release|Any CPU
		{E89C5427-F265-45D0-B07C-7906D63CB825}.Debug|Any CPU.ActiveCfg = Debug|Any CPU
		{E89C5427-F265-45D0-B07C-7906D63CB825}.Debug|Any CPU.Build.0 = Debug|Any CPU
		{E89C5427-F265-45D0-B07C-7906D63CB825}.Debug|ARM.ActiveCfg = Debug|Any CPU
		{E89C5427-F265-45D0-B07C-7906D63CB825}.Debug|ARM.Build.0 = Debug|Any CPU
		{E89C5427-F265-45D0-B07C-7906D63CB825}.Debug|iPhone.ActiveCfg = Debug|Any CPU
		{E89C5427-F265-45D0-B07C-7906D63CB825}.Debug|iPhone.Build.0 = Debug|Any CPU
		{E89C5427-F265-45D0-B07C-7906D63CB825}.Debug|iPhoneSimulator.ActiveCfg = Debug|Any CPU
		{E89C5427-F265-45D0-B07C-7906D63CB825}.Debug|iPhoneSimulator.Build.0 = Debug|Any CPU
		{E89C5427-F265-45D0-B07C-7906D63CB825}.Debug|x64.ActiveCfg = Debug|Any CPU
		{E89C5427-F265-45D0-B07C-7906D63CB825}.Debug|x64.Build.0 = Debug|Any CPU
		{E89C5427-F265-45D0-B07C-7906D63CB825}.Debug|x86.ActiveCfg = Debug|Any CPU
		{E89C5427-F265-45D0-B07C-7906D63CB825}.Debug|x86.Build.0 = Debug|Any CPU
		{E89C5427-F265-45D0-B07C-7906D63CB825}.Release|Any CPU.ActiveCfg = Release|Any CPU
		{E89C5427-F265-45D0-B07C-7906D63CB825}.Release|Any CPU.Build.0 = Release|Any CPU
		{E89C5427-F265-45D0-B07C-7906D63CB825}.Release|ARM.ActiveCfg = Release|Any CPU
		{E89C5427-F265-45D0-B07C-7906D63CB825}.Release|ARM.Build.0 = Release|Any CPU
		{E89C5427-F265-45D0-B07C-7906D63CB825}.Release|iPhone.ActiveCfg = Release|Any CPU
		{E89C5427-F265-45D0-B07C-7906D63CB825}.Release|iPhone.Build.0 = Release|Any CPU
		{E89C5427-F265-45D0-B07C-7906D63CB825}.Release|iPhoneSimulator.ActiveCfg = Release|Any CPU
		{E89C5427-F265-45D0-B07C-7906D63CB825}.Release|iPhoneSimulator.Build.0 = Release|Any CPU
		{E89C5427-F265-45D0-B07C-7906D63CB825}.Release|x64.ActiveCfg = Release|Any CPU
		{E89C5427-F265-45D0-B07C-7906D63CB825}.Release|x64.Build.0 = Release|Any CPU
		{E89C5427-F265-45D0-B07C-7906D63CB825}.Release|x86.ActiveCfg = Release|Any CPU
		{E89C5427-F265-45D0-B07C-7906D63CB825}.Release|x86.Build.0 = Release|Any CPU
		{F67C4245-76D3-4F80-A9BD-A21D7A7ADEF2}.Ad-Hoc|Any CPU.ActiveCfg = Release|Any CPU
		{F67C4245-76D3-4F80-A9BD-A21D7A7ADEF2}.Ad-Hoc|Any CPU.Build.0 = Release|Any CPU
		{F67C4245-76D3-4F80-A9BD-A21D7A7ADEF2}.Ad-Hoc|ARM.ActiveCfg = Release|Any CPU
		{F67C4245-76D3-4F80-A9BD-A21D7A7ADEF2}.Ad-Hoc|ARM.Build.0 = Release|Any CPU
		{F67C4245-76D3-4F80-A9BD-A21D7A7ADEF2}.Ad-Hoc|iPhone.ActiveCfg = Release|Any CPU
		{F67C4245-76D3-4F80-A9BD-A21D7A7ADEF2}.Ad-Hoc|iPhone.Build.0 = Release|Any CPU
		{F67C4245-76D3-4F80-A9BD-A21D7A7ADEF2}.Ad-Hoc|iPhoneSimulator.ActiveCfg = Release|Any CPU
		{F67C4245-76D3-4F80-A9BD-A21D7A7ADEF2}.Ad-Hoc|iPhoneSimulator.Build.0 = Release|Any CPU
		{F67C4245-76D3-4F80-A9BD-A21D7A7ADEF2}.Ad-Hoc|x64.ActiveCfg = Release|Any CPU
		{F67C4245-76D3-4F80-A9BD-A21D7A7ADEF2}.Ad-Hoc|x64.Build.0 = Release|Any CPU
		{F67C4245-76D3-4F80-A9BD-A21D7A7ADEF2}.Ad-Hoc|x86.ActiveCfg = Release|Any CPU
		{F67C4245-76D3-4F80-A9BD-A21D7A7ADEF2}.Ad-Hoc|x86.Build.0 = Release|Any CPU
		{F67C4245-76D3-4F80-A9BD-A21D7A7ADEF2}.AppStore|Any CPU.ActiveCfg = Release|Any CPU
		{F67C4245-76D3-4F80-A9BD-A21D7A7ADEF2}.AppStore|Any CPU.Build.0 = Release|Any CPU
		{F67C4245-76D3-4F80-A9BD-A21D7A7ADEF2}.AppStore|ARM.ActiveCfg = Release|Any CPU
		{F67C4245-76D3-4F80-A9BD-A21D7A7ADEF2}.AppStore|ARM.Build.0 = Release|Any CPU
		{F67C4245-76D3-4F80-A9BD-A21D7A7ADEF2}.AppStore|iPhone.ActiveCfg = Release|Any CPU
		{F67C4245-76D3-4F80-A9BD-A21D7A7ADEF2}.AppStore|iPhone.Build.0 = Release|Any CPU
		{F67C4245-76D3-4F80-A9BD-A21D7A7ADEF2}.AppStore|iPhoneSimulator.ActiveCfg = Release|Any CPU
		{F67C4245-76D3-4F80-A9BD-A21D7A7ADEF2}.AppStore|iPhoneSimulator.Build.0 = Release|Any CPU
		{F67C4245-76D3-4F80-A9BD-A21D7A7ADEF2}.AppStore|x64.ActiveCfg = Release|Any CPU
		{F67C4245-76D3-4F80-A9BD-A21D7A7ADEF2}.AppStore|x64.Build.0 = Release|Any CPU
		{F67C4245-76D3-4F80-A9BD-A21D7A7ADEF2}.AppStore|x86.ActiveCfg = Release|Any CPU
		{F67C4245-76D3-4F80-A9BD-A21D7A7ADEF2}.AppStore|x86.Build.0 = Release|Any CPU
		{F67C4245-76D3-4F80-A9BD-A21D7A7ADEF2}.Debug|Any CPU.ActiveCfg = Debug|Any CPU
		{F67C4245-76D3-4F80-A9BD-A21D7A7ADEF2}.Debug|Any CPU.Build.0 = Debug|Any CPU
		{F67C4245-76D3-4F80-A9BD-A21D7A7ADEF2}.Debug|ARM.ActiveCfg = Debug|Any CPU
		{F67C4245-76D3-4F80-A9BD-A21D7A7ADEF2}.Debug|ARM.Build.0 = Debug|Any CPU
		{F67C4245-76D3-4F80-A9BD-A21D7A7ADEF2}.Debug|iPhone.ActiveCfg = Debug|Any CPU
		{F67C4245-76D3-4F80-A9BD-A21D7A7ADEF2}.Debug|iPhone.Build.0 = Debug|Any CPU
		{F67C4245-76D3-4F80-A9BD-A21D7A7ADEF2}.Debug|iPhoneSimulator.ActiveCfg = Debug|Any CPU
		{F67C4245-76D3-4F80-A9BD-A21D7A7ADEF2}.Debug|iPhoneSimulator.Build.0 = Debug|Any CPU
		{F67C4245-76D3-4F80-A9BD-A21D7A7ADEF2}.Debug|x64.ActiveCfg = Debug|Any CPU
		{F67C4245-76D3-4F80-A9BD-A21D7A7ADEF2}.Debug|x64.Build.0 = Debug|Any CPU
		{F67C4245-76D3-4F80-A9BD-A21D7A7ADEF2}.Debug|x86.ActiveCfg = Debug|Any CPU
		{F67C4245-76D3-4F80-A9BD-A21D7A7ADEF2}.Debug|x86.Build.0 = Debug|Any CPU
		{F67C4245-76D3-4F80-A9BD-A21D7A7ADEF2}.Release|Any CPU.ActiveCfg = Release|Any CPU
		{F67C4245-76D3-4F80-A9BD-A21D7A7ADEF2}.Release|Any CPU.Build.0 = Release|Any CPU
		{F67C4245-76D3-4F80-A9BD-A21D7A7ADEF2}.Release|ARM.ActiveCfg = Release|Any CPU
		{F67C4245-76D3-4F80-A9BD-A21D7A7ADEF2}.Release|ARM.Build.0 = Release|Any CPU
		{F67C4245-76D3-4F80-A9BD-A21D7A7ADEF2}.Release|iPhone.ActiveCfg = Release|Any CPU
		{F67C4245-76D3-4F80-A9BD-A21D7A7ADEF2}.Release|iPhone.Build.0 = Release|Any CPU
		{F67C4245-76D3-4F80-A9BD-A21D7A7ADEF2}.Release|iPhoneSimulator.ActiveCfg = Release|Any CPU
		{F67C4245-76D3-4F80-A9BD-A21D7A7ADEF2}.Release|iPhoneSimulator.Build.0 = Release|Any CPU
		{F67C4245-76D3-4F80-A9BD-A21D7A7ADEF2}.Release|x64.ActiveCfg = Release|Any CPU
		{F67C4245-76D3-4F80-A9BD-A21D7A7ADEF2}.Release|x64.Build.0 = Release|Any CPU
		{F67C4245-76D3-4F80-A9BD-A21D7A7ADEF2}.Release|x86.ActiveCfg = Release|Any CPU
		{F67C4245-76D3-4F80-A9BD-A21D7A7ADEF2}.Release|x86.Build.0 = Release|Any CPU
	EndGlobalSection
	GlobalSection(SolutionProperties) = preSolution
		HideSolutionNode = FALSE
	EndGlobalSection
	GlobalSection(NestedProjects) = preSolution
		{C6439744-7827-4762-BBB6-4E3F011EF208} = {51B7D54C-5118-4A3C-ABFE-A54010EB056A}
		{67FAC635-3A9B-4781-8441-21E06CD82349} = {C6439744-7827-4762-BBB6-4E3F011EF208}
		{0CB4D6CF-E188-46A8-9D46-6490F7FA48F5} = {C6439744-7827-4762-BBB6-4E3F011EF208}
		{7785EE9C-7E35-4197-ABAC-A2CA3690111B} = {C6439744-7827-4762-BBB6-4E3F011EF208}
	EndGlobalSection
EndGlobal
